{
  "name": "lazy-express-crud",
  "version": "1.5.0",
  "lockfileVersion": 3,
  "requires": true,
  "packages": {
    "": {
      "name": "lazy-express-crud",
      "version": "1.5.0",
      "license": "MIT",
      "bin": {
        "add-auth": "generateAuth.js",
        "add-crud": "addCrudResource.js",
        "add-docker": "addDocker.js",
        "gen-postman": "generatePostmanCollection.js",
        "lazy-crud": "generateExpressCrud.js"
      },
      "engines": {
        "node": ">=14.0.0"
      }
    }
  }
}
